Microsoft Visual Studio Solution File, Format Version 12.00
# Visual Studio Version 17
VisualStudioVersion = 17.5.2.0
MinimumVisualStudioVersion = 10.0.40219.1
Project("{2150E333-8FDC-42A3-9474-1A3956D46DE8}") = "Services", "Services", "{5854FF58-B8C5-05C6-5BF2-ACE42193F22B}"
EndProject
Project("{FAE04EC0-301F-11D3-BF4B-00C04F79EFBC}") = "AudioService", "Services\AudioService\AudioService.csproj", "{19861255-B86A-2EF4-5E57-F074DD6B8D5C}"
EndProject
Global
	GlobalSection(SolutionConfigurationPlatforms) = preSolution
		Debug|Any CPU = Debug|Any CPU
		Release|Any CPU = Release|Any CPU
	EndGlobalSection
	GlobalSection(ProjectConfigurationPlatforms) = postSolution
		{19861255-B86A-2EF4-5E57-F074DD6B8D5C}.Debug|Any CPU.ActiveCfg = Debug|Any CPU
		{19861255-B86A-2EF4-5E57-F074DD6B8D5C}.Debug|Any CPU.Build.0 = Debug|Any CPU
		{19861255-B86A-2EF4-5E57-F074DD6B8D5C}.Release|Any CPU.ActiveCfg = Release|Any CPU
		{19861255-B86A-2EF4-5E57-F074DD6B8D5C}.Release|Any CPU.Build.0 = Release|Any CPU
	EndGlobalSection
	GlobalSection(SolutionProperties) = preSolution
		HideSolutionNode = FALSE
	EndGlobalSection
	GlobalSection(NestedProjects) = preSolution
		{19861255-B86A-2EF4-5E57-F074DD6B8D5C} = {5854FF58-B8C5-05C6-5BF2-ACE42193F22B}
	EndGlobalSection
	GlobalSection(ExtensibilityGlobals) = postSolution
		SolutionGuid = {B3380324-0217-49C8-89B1-225D0686DCFD}
	EndGlobalSection
EndGlobal
