
Microsoft Visual Studio Solution File, Format Version 12.00
# Visual Studio Version 17
VisualStudioVersion = 17.0.31903.59
MinimumVisualStudioVersion = 10.0.40219.1
Project("{FAE04EC0-301F-11D3-BF4B-00C04F79EFBC}") = "AuthService", "AuthService\AuthService.csproj", "{E868F428-F8DB-4418-8DE4-4A41E607C091}"
EndProject
Project("{FAE04EC0-301F-11D3-BF4B-00C04F79EFBC}") = "AudioService", "AudioService\AudioService.csproj", "{91CE24F4-D9E6-4468-8C5B-B9B10F1E9EF1}"
EndProject
Global
	GlobalSection(SolutionConfigurationPlatforms) = preSolution
		Debug|Any CPU = Debug|Any CPU
		Debug|x64 = Debug|x64
		Debug|x86 = Debug|x86
		Release|Any CPU = Release|Any CPU
		Release|x64 = Release|x64
		Release|x86 = Release|x86
	EndGlobalSection
	GlobalSection(ProjectConfigurationPlatforms) = postSolution
		{E868F428-F8DB-4418-8DE4-4A41E607C091}.Debug|Any CPU.ActiveCfg = Debug|Any CPU
		{E868F428-F8DB-4418-8DE4-4A41E607C091}.Debug|Any CPU.Build.0 = Debug|Any CPU
		{E868F428-F8DB-4418-8DE4-4A41E607C091}.Debug|x64.ActiveCfg = Debug|Any CPU
		{E868F428-F8DB-4418-8DE4-4A41E607C091}.Debug|x64.Build.0 = Debug|Any CPU
		{E868F428-F8DB-4418-8DE4-4A41E607C091}.Debug|x86.ActiveCfg = Debug|Any CPU
		{E868F428-F8DB-4418-8DE4-4A41E607C091}.Debug|x86.Build.0 = Debug|Any CPU
		{E868F428-F8DB-4418-8DE4-4A41E607C091}.Release|Any CPU.ActiveCfg = Release|Any CPU
		{E868F428-F8DB-4418-8DE4-4A41E607C091}.Release|Any CPU.Build.0 = Release|Any CPU
		{E868F428-F8DB-4418-8DE4-4A41E607C091}.Release|x64.ActiveCfg = Release|Any CPU
		{E868F428-F8DB-4418-8DE4-4A41E607C091}.Release|x64.Build.0 = Release|Any CPU
		{E868F428-F8DB-4418-8DE4-4A41E607C091}.Release|x86.ActiveCfg = Release|Any CPU
		{E868F428-F8DB-4418-8DE4-4A41E607C091}.Release|x86.Build.0 = Release|Any CPU
		{91CE24F4-D9E6-4468-8C5B-B9B10F1E9EF1}.Debug|Any CPU.ActiveCfg = Debug|Any CPU
		{91CE24F4-D9E6-4468-8C5B-B9B10F1E9EF1}.Debug|Any CPU.Build.0 = Debug|Any CPU
		{91CE24F4-D9E6-4468-8C5B-B9B10F1E9EF1}.Debug|x64.ActiveCfg = Debug|Any CPU
		{91CE24F4-D9E6-4468-8C5B-B9B10F1E9EF1}.Debug|x64.Build.0 = Debug|Any CPU
		{91CE24F4-D9E6-4468-8C5B-B9B10F1E9EF1}.Debug|x86.ActiveCfg = Debug|Any CPU
		{91CE24F4-D9E6-4468-8C5B-B9B10F1E9EF1}.Debug|x86.Build.0 = Debug|Any CPU
		{91CE24F4-D9E6-4468-8C5B-B9B10F1E9EF1}.Release|Any CPU.ActiveCfg = Release|Any CPU
		{91CE24F4-D9E6-4468-8C5B-B9B10F1E9EF1}.Release|Any CPU.Build.0 = Release|Any CPU
		{91CE24F4-D9E6-4468-8C5B-B9B10F1E9EF1}.Release|x64.ActiveCfg = Release|Any CPU
		{91CE24F4-D9E6-4468-8C5B-B9B10F1E9EF1}.Release|x64.Build.0 = Release|Any CPU
		{91CE24F4-D9E6-4468-8C5B-B9B10F1E9EF1}.Release|x86.ActiveCfg = Release|Any CPU
		{91CE24F4-D9E6-4468-8C5B-B9B10F1E9EF1}.Release|x86.Build.0 = Release|Any CPU
	EndGlobalSection
	GlobalSection(SolutionProperties) = preSolution
		HideSolutionNode = FALSE
	EndGlobalSection
EndGlobal
